Microsoft Visual Studio Solution File, Format Version 12.00
# Visual Studio Version 17
VisualStudioVersion = 17.4.33205.214
MinimumVisualStudioVersion = 10.0.40219.1
Project("{9A19103F-16F7-4668-BE54-9A1E7A4F7556}") = "Nice.Dotnet.WebApi", "Nice.Dotnet.WebApi\Nice.Dotnet.WebApi.csproj", "{8D5B3453-C4AA-4AEF-A3A4-7848E2DFDBEB}"
EndProject
Project("{9A19103F-16F7-4668-BE54-9A1E7A4F7556}") = "Nice.Dotnet.Domain", "Nice.Dotnet.Domain\Nice.Dotnet.Domain.csproj", "{FED14080-4950-4C18-94B9-57B22140E7F5}"
EndProject
Project("{9A19103F-16F7-4668-BE54-9A1E7A4F7556}") = "Nice.Common.Tool", "Nice.Common.Tool\Nice.Common.Tool.csproj", "{BAE21620-19A4-4705-9CFE-26BED402428C}"
EndProject
Project("{9A19103F-16F7-4668-BE54-9A1E7A4F7556}") = "Nice.Dotnet.Application", "Nice.Dotnet.Application\Nice.Dotnet.Application.csproj", "{B8CDD734-68CA-48B5-9597-B95A73B0B7FC}"
EndProject
Project("{9A19103F-16F7-4668-BE54-9A1E7A4F7556}") = "Nice.Dotnet.Extension", "Nice.Dotnet.Extension\Nice.Dotnet.Extension.csproj", "{E0FEB7CA-9827-442C-9695-3CFF208B9D46}"
EndProject
Project("{9A19103F-16F7-4668-BE54-9A1E7A4F7556}") = "Nice.Dotnet.Wpf", "Nice.Dotnet.Wpf\Nice.Dotnet.Wpf.csproj", "{A0C9245E-B4C8-4E21-96FD-707D232680F8}"
EndProject
Project("{2150E333-8FDC-42A3-9474-1A3956D46DE8}") = "Nice.Infrastructure", "Nice.Infrastructure", "{0E4778D5-1A39-491B-ABAE-32F09B31B8C1}"
EndProject
Project("{2150E333-8FDC-42A3-9474-1A3956D46DE8}") = "Api", "Api", "{45F53247-F329-4E16-8EC6-63CCCBEBF765}"
EndProject
Project("{2150E333-8FDC-42A3-9474-1A3956D46DE8}") = "Client", "Client", "{8F0F15AA-6E3F-481D-8672-B545C2728C22}"
EndProject
Project("{9A19103F-16F7-4668-BE54-9A1E7A4F7556}") = "Nice.Dotnet.Maui", "Nice.Dotnet.Maui\Nice.Dotnet.Maui.csproj", "{49DA19B8-3F49-4E8F-ACBE-4A14B1E45656}"
EndProject
Project("{9A19103F-16F7-4668-BE54-9A1E7A4F7556}") = "Nice.Dotnet.Core", "Nice.Dotnet.Core\Nice.Dotnet.Core.csproj", "{E0C79566-2214-4E3D-8D9D-3532BC55AA94}"
EndProject
Project("{9A19103F-16F7-4668-BE54-9A1E7A4F7556}") = "Nice.Dotnet.Domain.Std", "Nice.Dotnet.Domain.Std\Nice.Dotnet.Domain.Std.csproj", "{3A2600F2-3D5F-424F-BE7D-BB23ACD398C6}"
EndProject
Project("{9A19103F-16F7-4668-BE54-9A1E7A4F7556}") = "Nice.Dotnet.ConsoleApp", "Nice.Dotnet.Console\Nice.Dotnet.ConsoleApp.csproj", "{29424797-76EA-4A47-84F6-069EA5933099}"
EndProject
Project("{9A19103F-16F7-4668-BE54-9A1E7A4F7556}") = "App1", "App1\App1.csproj", "{4023A625-699F-4142-A333-89F2BB80D05E}"
EndProject
Project("{9A19103F-16F7-4668-BE54-9A1E7A4F7556}") = "AvaloniaApplication1", "AvaloniaApplication1\AvaloniaApplication1.csproj", "{A22BE498-9DD4-46AE-A53B-6FA3A3320F82}"
EndProject
Project("{9A19103F-16F7-4668-BE54-9A1E7A4F7556}") = "Nice.Dotnet.gRPC", "Nice.Dotnet.gRPC\Nice.Dotnet.gRPC.csproj", "{BAFE9EFF-9C45-4108-9410-4A686E203490}"
EndProject
Project("{9A19103F-16F7-4668-BE54-9A1E7A4F7556}") = "MauiApp2", "MauiApp2\MauiApp2.csproj", "{E5C67E59-BB04-48FF-81F5-EC8D413B5F36}"
EndProject
Project("{9A19103F-16F7-4668-BE54-9A1E7A4F7556}") = "WebApplication1", "WebApplication1\WebApplication1.csproj", "{7CF93B01-4165-41CD-ADDC-EF13F1F71DEC}"
EndProject
Project("{9A19103F-16F7-4668-BE54-9A1E7A4F7556}") = "WebApp.Idt", "WebApp.Idt\WebApp.Idt.csproj", "{856290DF-332E-4FFE-9A77-991A9A2DECC5}"
EndProject
Project("{9A19103F-16F7-4668-BE54-9A1E7A4F7556}") = "WebApplication2", "WebApplication2\WebApplication2.csproj", "{FA54B290-B965-44AF-88E8-671DB544EC7B}"
EndProject
Project("{FAE04EC0-301F-11D3-BF4B-00C04F79EFBC}") = "GrpcService1", "GrpcService1\GrpcService1.csproj", "{D8CB125B-6DF7-4F7C-9ABA-61CCDFE5BA6E}"
EndProject
Global
	GlobalSection(SolutionConfigurationPlatforms) = preSolution
		Debug|Any CPU = Debug|Any CPU
		Debug|ARM64 = Debug|ARM64
		Debug|x64 = Debug|x64
		Debug|x86 = Debug|x86
		Release|Any CPU = Release|Any CPU
		Release|ARM64 = Release|ARM64
		Release|x64 = Release|x64
		Release|x86 = Release|x86
	EndGlobalSection
	GlobalSection(ProjectConfigurationPlatforms) = postSolution
		{8D5B3453-C4AA-4AEF-A3A4-7848E2DFDBEB}.Debug|Any CPU.ActiveCfg = Debug|Any CPU
		{8D5B3453-C4AA-4AEF-A3A4-7848E2DFDBEB}.Debug|Any CPU.Build.0 = Debug|Any CPU
		{8D5B3453-C4AA-4AEF-A3A4-7848E2DFDBEB}.Debug|ARM64.ActiveCfg = Debug|Any CPU
		{8D5B3453-C4AA-4AEF-A3A4-7848E2DFDBEB}.Debug|ARM64.Build.0 = Debug|Any CPU
		{8D5B3453-C4AA-4AEF-A3A4-7848E2DFDBEB}.Debug|x64.ActiveCfg = Debug|Any CPU
		{8D5B3453-C4AA-4AEF-A3A4-7848E2DFDBEB}.Debug|x64.Build.0 = Debug|Any CPU
		{8D5B3453-C4AA-4AEF-A3A4-7848E2DFDBEB}.Debug|x86.ActiveCfg = Debug|Any CPU
		{8D5B3453-C4AA-4AEF-A3A4-7848E2DFDBEB}.Debug|x86.Build.0 = Debug|Any CPU
		{8D5B3453-C4AA-4AEF-A3A4-7848E2DFDBEB}.Release|Any CPU.ActiveCfg = Release|Any CPU
		{8D5B3453-C4AA-4AEF-A3A4-7848E2DFDBEB}.Release|Any CPU.Build.0 = Release|Any CPU
		{8D5B3453-C4AA-4AEF-A3A4-7848E2DFDBEB}.Release|ARM64.ActiveCfg = Release|Any CPU
		{8D5B3453-C4AA-4AEF-A3A4-7848E2DFDBEB}.Release|ARM64.Build.0 = Release|Any CPU
		{8D5B3453-C4AA-4AEF-A3A4-7848E2DFDBEB}.Release|x64.ActiveCfg = Release|Any CPU
		{8D5B3453-C4AA-4AEF-A3A4-7848E2DFDBEB}.Release|x64.Build.0 = Release|Any CPU
		{8D5B3453-C4AA-4AEF-A3A4-7848E2DFDBEB}.Release|x86.ActiveCfg = Release|Any CPU
		{8D5B3453-C4AA-4AEF-A3A4-7848E2DFDBEB}.Release|x86.Build.0 = Release|Any CPU
		{D8CB125B-6DF7-4F7C-9ABA-61CCDFE5BA6E}.Debug|Any CPU.ActiveCfg = Debug|Any CPU
		{D8CB125B-6DF7-4F7C-9ABA-61CCDFE5BA6E}.Debug|Any CPU.Build.0 = Debug|Any CPU
		{D8CB125B-6DF7-4F7C-9ABA-61CCDFE5BA6E}.Debug|ARM64.ActiveCfg = Debug|Any CPU
		{D8CB125B-6DF7-4F7C-9ABA-61CCDFE5BA6E}.Debug|ARM64.Build.0 = Debug|Any CPU
		{D8CB125B-6DF7-4F7C-9ABA-61CCDFE5BA6E}.Debug|x64.ActiveCfg = Debug|Any CPU
		{D8CB125B-6DF7-4F7C-9ABA-61CCDFE5BA6E}.Debug|x64.Build.0 = Debug|Any CPU
		{D8CB125B-6DF7-4F7C-9ABA-61CCDFE5BA6E}.Debug|x86.ActiveCfg = Debug|Any CPU
		{D8CB125B-6DF7-4F7C-9ABA-61CCDFE5BA6E}.Debug|x86.Build.0 = Debug|Any CPU
		{D8CB125B-6DF7-4F7C-9ABA-61CCDFE5BA6E}.Release|Any CPU.ActiveCfg = Release|Any CPU
		{D8CB125B-6DF7-4F7C-9ABA-61CCDFE5BA6E}.Release|Any CPU.Build.0 = Release|Any CPU
		{D8CB125B-6DF7-4F7C-9ABA-61CCDFE5BA6E}.Release|ARM64.ActiveCfg = Release|Any CPU
		{D8CB125B-6DF7-4F7C-9ABA-61CCDFE5BA6E}.Release|ARM64.Build.0 = Release|Any CPU
		{D8CB125B-6DF7-4F7C-9ABA-61CCDFE5BA6E}.Release|x64.ActiveCfg = Release|Any CPU
		{D8CB125B-6DF7-4F7C-9ABA-61CCDFE5BA6E}.Release|x64.Build.0 = Release|Any CPU
		{D8CB125B-6DF7-4F7C-9ABA-61CCDFE5BA6E}.Release|x86.ActiveCfg = Release|Any CPU
		{D8CB125B-6DF7-4F7C-9ABA-61CCDFE5BA6E}.Release|x86.Build.0 = Release|Any CPU
		{FED14080-4950-4C18-94B9-57B22140E7F5}.Debug|Any CPU.ActiveCfg = Debug|Any CPU
		{FED14080-4950-4C18-94B9-57B22140E7F5}.Debug|Any CPU.Build.0 = Debug|Any CPU
		{FED14080-4950-4C18-94B9-57B22140E7F5}.Debug|ARM64.ActiveCfg = Debug|Any CPU
		{FED14080-4950-4C18-94B9-57B22140E7F5}.Debug|ARM64.Build.0 = Debug|Any CPU
		{FED14080-4950-4C18-94B9-57B22140E7F5}.Debug|x64.ActiveCfg = Debug|Any CPU
		{FED14080-4950-4C18-94B9-57B22140E7F5}.Debug|x64.Build.0 = Debug|Any CPU
		{FED14080-4950-4C18-94B9-57B22140E7F5}.Debug|x86.ActiveCfg = Debug|Any CPU
		{FED14080-4950-4C18-94B9-57B22140E7F5}.Debug|x86.Build.0 = Debug|Any CPU
		{FED14080-4950-4C18-94B9-57B22140E7F5}.Release|Any CPU.ActiveCfg = Release|Any CPU
		{FED14080-4950-4C18-94B9-57B22140E7F5}.Release|Any CPU.Build.0 = Release|Any CPU
		{FED14080-4950-4C18-94B9-57B22140E7F5}.Release|ARM64.ActiveCfg = Release|Any CPU
		{FED14080-4950-4C18-94B9-57B22140E7F5}.Release|ARM64.Build.0 = Release|Any CPU
		{FED14080-4950-4C18-94B9-57B22140E7F5}.Release|x64.ActiveCfg = Release|Any CPU
		{FED14080-4950-4C18-94B9-57B22140E7F5}.Release|x64.Build.0 = Release|Any CPU
		{FED14080-4950-4C18-94B9-57B22140E7F5}.Release|x86.ActiveCfg = Release|Any CPU
		{FED14080-4950-4C18-94B9-57B22140E7F5}.Release|x86.Build.0 = Release|Any CPU
		{BAE21620-19A4-4705-9CFE-26BED402428C}.Debug|Any CPU.ActiveCfg = Debug|Any CPU
		{BAE21620-19A4-4705-9CFE-26BED402428C}.Debug|Any CPU.Build.0 = Debug|Any CPU
		{BAE21620-19A4-4705-9CFE-26BED402428C}.Debug|ARM64.ActiveCfg = Debug|Any CPU
		{BAE21620-19A4-4705-9CFE-26BED402428C}.Debug|ARM64.Build.0 = Debug|Any CPU
		{BAE21620-19A4-4705-9CFE-26BED402428C}.Debug|x64.ActiveCfg = Debug|Any CPU
		{BAE21620-19A4-4705-9CFE-26BED402428C}.Debug|x64.Build.0 = Debug|Any CPU
		{BAE21620-19A4-4705-9CFE-26BED402428C}.Debug|x86.ActiveCfg = Debug|Any CPU
		{BAE21620-19A4-4705-9CFE-26BED402428C}.Debug|x86.Build.0 = Debug|Any CPU
		{BAE21620-19A4-4705-9CFE-26BED402428C}.Release|Any CPU.ActiveCfg = Release|Any CPU
		{BAE21620-19A4-4705-9CFE-26BED402428C}.Release|Any CPU.Build.0 = Release|Any CPU
		{BAE21620-19A4-4705-9CFE-26BED402428C}.Release|ARM64.ActiveCfg = Release|Any CPU
		{BAE21620-19A4-4705-9CFE-26BED402428C}.Release|ARM64.Build.0 = Release|Any CPU
		{BAE21620-19A4-4705-9CFE-26BED402428C}.Release|x64.ActiveCfg = Release|Any CPU
		{BAE21620-19A4-4705-9CFE-26BED402428C}.Release|x64.Build.0 = Release|Any CPU
		{BAE21620-19A4-4705-9CFE-26BED402428C}.Release|x86.ActiveCfg = Release|Any CPU
		{BAE21620-19A4-4705-9CFE-26BED402428C}.Release|x86.Build.0 = Release|Any CPU
		{B8CDD734-68CA-48B5-9597-B95A73B0B7FC}.Debug|Any CPU.ActiveCfg = Debug|Any CPU
		{B8CDD734-68CA-48B5-9597-B95A73B0B7FC}.Debug|Any CPU.Build.0 = Debug|Any CPU
		{B8CDD734-68CA-48B5-9597-B95A73B0B7FC}.Debug|ARM64.ActiveCfg = Debug|Any CPU
		{B8CDD734-68CA-48B5-9597-B95A73B0B7FC}.Debug|ARM64.Build.0 = Debug|Any CPU
		{B8CDD734-68CA-48B5-9597-B95A73B0B7FC}.Debug|x64.ActiveCfg = Debug|Any CPU
		{B8CDD734-68CA-48B5-9597-B95A73B0B7FC}.Debug|x64.Build.0 = Debug|Any CPU
		{B8CDD734-68CA-48B5-9597-B95A73B0B7FC}.Debug|x86.ActiveCfg = Debug|Any CPU
		{B8CDD734-68CA-48B5-9597-B95A73B0B7FC}.Debug|x86.Build.0 = Debug|Any CPU
		{B8CDD734-68CA-48B5-9597-B95A73B0B7FC}.Release|Any CPU.ActiveCfg = Release|Any CPU
		{B8CDD734-68CA-48B5-9597-B95A73B0B7FC}.Release|Any CPU.Build.0 = Release|Any CPU
		{B8CDD734-68CA-48B5-9597-B95A73B0B7FC}.Release|ARM64.ActiveCfg = Release|Any CPU
		{B8CDD734-68CA-48B5-9597-B95A73B0B7FC}.Release|ARM64.Build.0 = Release|Any CPU
		{B8CDD734-68CA-48B5-9597-B95A73B0B7FC}.Release|x64.ActiveCfg = Release|Any CPU
		{B8CDD734-68CA-48B5-9597-B95A73B0B7FC}.Release|x64.Build.0 = Release|Any CPU
		{B8CDD734-68CA-48B5-9597-B95A73B0B7FC}.Release|x86.ActiveCfg = Release|Any CPU
		{B8CDD734-68CA-48B5-9597-B95A73B0B7FC}.Release|x86.Build.0 = Release|Any CPU
		{E0FEB7CA-9827-442C-9695-3CFF208B9D46}.Debug|Any CPU.ActiveCfg = Debug|Any CPU
		{E0FEB7CA-9827-442C-9695-3CFF208B9D46}.Debug|Any CPU.Build.0 = Debug|Any CPU
		{E0FEB7CA-9827-442C-9695-3CFF208B9D46}.Debug|ARM64.ActiveCfg = Debug|Any CPU
		{E0FEB7CA-9827-442C-9695-3CFF208B9D46}.Debug|ARM64.Build.0 = Debug|Any CPU
		{E0FEB7CA-9827-442C-9695-3CFF208B9D46}.Debug|x64.ActiveCfg = Debug|Any CPU
		{E0FEB7CA-9827-442C-9695-3CFF208B9D46}.Debug|x64.Build.0 = Debug|Any CPU
		{E0FEB7CA-9827-442C-9695-3CFF208B9D46}.Debug|x86.ActiveCfg = Debug|Any CPU
		{E0FEB7CA-9827-442C-9695-3CFF208B9D46}.Debug|x86.Build.0 = Debug|Any CPU
		{E0FEB7CA-9827-442C-9695-3CFF208B9D46}.Release|Any CPU.ActiveCfg = Release|Any CPU
		{E0FEB7CA-9827-442C-9695-3CFF208B9D46}.Release|Any CPU.Build.0 = Release|Any CPU
		{E0FEB7CA-9827-442C-9695-3CFF208B9D46}.Release|ARM64.ActiveCfg = Release|Any CPU
		{E0FEB7CA-9827-442C-9695-3CFF208B9D46}.Release|ARM64.Build.0 = Release|Any CPU
		{E0FEB7CA-9827-442C-9695-3CFF208B9D46}.Release|x64.ActiveCfg = Release|Any CPU
		{E0FEB7CA-9827-442C-9695-3CFF208B9D46}.Release|x64.Build.0 = Release|Any CPU
		{E0FEB7CA-9827-442C-9695-3CFF208B9D46}.Release|x86.ActiveCfg = Release|Any CPU
		{E0FEB7CA-9827-442C-9695-3CFF208B9D46}.Release|x86.Build.0 = Release|Any CPU
		{A0C9245E-B4C8-4E21-96FD-707D232680F8}.Debug|Any CPU.ActiveCfg = Debug|Any CPU
		{A0C9245E-B4C8-4E21-96FD-707D232680F8}.Debug|Any CPU.Build.0 = Debug|Any CPU
		{A0C9245E-B4C8-4E21-96FD-707D232680F8}.Debug|ARM64.ActiveCfg = Debug|Any CPU
		{A0C9245E-B4C8-4E21-96FD-707D232680F8}.Debug|ARM64.Build.0 = Debug|Any CPU
		{A0C9245E-B4C8-4E21-96FD-707D232680F8}.Debug|x64.ActiveCfg = Debug|Any CPU
		{A0C9245E-B4C8-4E21-96FD-707D232680F8}.Debug|x64.Build.0 = Debug|Any CPU
		{A0C9245E-B4C8-4E21-96FD-707D232680F8}.Debug|x86.ActiveCfg = Debug|Any CPU
		{A0C9245E-B4C8-4E21-96FD-707D232680F8}.Debug|x86.Build.0 = Debug|Any CPU
		{A0C9245E-B4C8-4E21-96FD-707D232680F8}.Release|Any CPU.ActiveCfg = Release|Any CPU
		{A0C9245E-B4C8-4E21-96FD-707D232680F8}.Release|Any CPU.Build.0 = Release|Any CPU
		{A0C9245E-B4C8-4E21-96FD-707D232680F8}.Release|ARM64.ActiveCfg = Release|Any CPU
		{A0C9245E-B4C8-4E21-96FD-707D232680F8}.Release|ARM64.Build.0 = Release|Any CPU
		{A0C9245E-B4C8-4E21-96FD-707D232680F8}.Release|x64.ActiveCfg = Release|Any CPU
		{A0C9245E-B4C8-4E21-96FD-707D232680F8}.Release|x64.Build.0 = Release|Any CPU
		{A0C9245E-B4C8-4E21-96FD-707D232680F8}.Release|x86.ActiveCfg = Release|Any CPU
		{A0C9245E-B4C8-4E21-96FD-707D232680F8}.Release|x86.Build.0 = Release|Any CPU
		{49DA19B8-3F49-4E8F-ACBE-4A14B1E45656}.Debug|Any CPU.ActiveCfg = Debug|Any CPU
		{49DA19B8-3F49-4E8F-ACBE-4A14B1E45656}.Debug|Any CPU.Build.0 = Debug|Any CPU
		{49DA19B8-3F49-4E8F-ACBE-4A14B1E45656}.Debug|Any CPU.Deploy.0 = Debug|Any CPU
		{49DA19B8-3F49-4E8F-ACBE-4A14B1E45656}.Debug|ARM64.ActiveCfg = Debug|Any CPU
		{49DA19B8-3F49-4E8F-ACBE-4A14B1E45656}.Debug|ARM64.Build.0 = Debug|Any CPU
		{49DA19B8-3F49-4E8F-ACBE-4A14B1E45656}.Debug|ARM64.Deploy.0 = Debug|Any CPU
		{49DA19B8-3F49-4E8F-ACBE-4A14B1E45656}.Debug|x64.ActiveCfg = Debug|Any CPU
		{49DA19B8-3F49-4E8F-ACBE-4A14B1E45656}.Debug|x64.Build.0 = Debug|Any CPU
		{49DA19B8-3F49-4E8F-ACBE-4A14B1E45656}.Debug|x64.Deploy.0 = Debug|Any CPU
		{49DA19B8-3F49-4E8F-ACBE-4A14B1E45656}.Debug|x86.ActiveCfg = Debug|Any CPU
		{49DA19B8-3F49-4E8F-ACBE-4A14B1E45656}.Debug|x86.Build.0 = Debug|Any CPU
		{49DA19B8-3F49-4E8F-ACBE-4A14B1E45656}.Debug|x86.Deploy.0 = Debug|Any CPU
		{49DA19B8-3F49-4E8F-ACBE-4A14B1E45656}.Release|Any CPU.ActiveCfg = Release|Any CPU
		{49DA19B8-3F49-4E8F-ACBE-4A14B1E45656}.Release|Any CPU.Build.0 = Release|Any CPU
		{49DA19B8-3F49-4E8F-ACBE-4A14B1E45656}.Release|Any CPU.Deploy.0 = Release|Any CPU
		{49DA19B8-3F49-4E8F-ACBE-4A14B1E45656}.Release|ARM64.ActiveCfg = Release|Any CPU
		{49DA19B8-3F49-4E8F-ACBE-4A14B1E45656}.Release|ARM64.Build.0 = Release|Any CPU
		{49DA19B8-3F49-4E8F-ACBE-4A14B1E45656}.Release|ARM64.Deploy.0 = Release|Any CPU
		{49DA19B8-3F49-4E8F-ACBE-4A14B1E45656}.Release|x64.ActiveCfg = Release|Any CPU
		{49DA19B8-3F49-4E8F-ACBE-4A14B1E45656}.Release|x64.Build.0 = Release|Any CPU
		{49DA19B8-3F49-4E8F-ACBE-4A14B1E45656}.Release|x64.Deploy.0 = Release|Any CPU
		{49DA19B8-3F49-4E8F-ACBE-4A14B1E45656}.Release|x86.ActiveCfg = Release|Any CPU
		{49DA19B8-3F49-4E8F-ACBE-4A14B1E45656}.Release|x86.Build.0 = Release|Any CPU
		{49DA19B8-3F49-4E8F-ACBE-4A14B1E45656}.Release|x86.Deploy.0 = Release|Any CPU
		{E0C79566-2214-4E3D-8D9D-3532BC55AA94}.Debug|Any CPU.ActiveCfg = Debug|Any CPU
		{E0C79566-2214-4E3D-8D9D-3532BC55AA94}.Debug|Any CPU.Build.0 = Debug|Any CPU
		{E0C79566-2214-4E3D-8D9D-3532BC55AA94}.Debug|ARM64.ActiveCfg = Debug|Any CPU
		{E0C79566-2214-4E3D-8D9D-3532BC55AA94}.Debug|ARM64.Build.0 = Debug|Any CPU
		{E0C79566-2214-4E3D-8D9D-3532BC55AA94}.Debug|x64.ActiveCfg = Debug|Any CPU
		{E0C79566-2214-4E3D-8D9D-3532BC55AA94}.Debug|x64.Build.0 = Debug|Any CPU
		{E0C79566-2214-4E3D-8D9D-3532BC55AA94}.Debug|x86.ActiveCfg = Debug|Any CPU
		{E0C79566-2214-4E3D-8D9D-3532BC55AA94}.Debug|x86.Build.0 = Debug|Any CPU
		{E0C79566-2214-4E3D-8D9D-3532BC55AA94}.Release|Any CPU.ActiveCfg = Release|Any CPU
		{E0C79566-2214-4E3D-8D9D-3532BC55AA94}.Release|Any CPU.Build.0 = Release|Any CPU
		{E0C79566-2214-4E3D-8D9D-3532BC55AA94}.Release|ARM64.ActiveCfg = Release|Any CPU
		{E0C79566-2214-4E3D-8D9D-3532BC55AA94}.Release|ARM64.Build.0 = Release|Any CPU
		{E0C79566-2214-4E3D-8D9D-3532BC55AA94}.Release|x64.ActiveCfg = Release|Any CPU
		{E0C79566-2214-4E3D-8D9D-3532BC55AA94}.Release|x64.Build.0 = Release|Any CPU
		{E0C79566-2214-4E3D-8D9D-3532BC55AA94}.Release|x86.ActiveCfg = Release|Any CPU
		{E0C79566-2214-4E3D-8D9D-3532BC55AA94}.Release|x86.Build.0 = Release|Any CPU
		{3A2600F2-3D5F-424F-BE7D-BB23ACD398C6}.Debug|Any CPU.ActiveCfg = Debug|Any CPU
		{3A2600F2-3D5F-424F-BE7D-BB23ACD398C6}.Debug|Any CPU.Build.0 = Debug|Any CPU
		{3A2600F2-3D5F-424F-BE7D-BB23ACD398C6}.Debug|ARM64.ActiveCfg = Debug|Any CPU
		{3A2600F2-3D5F-424F-BE7D-BB23ACD398C6}.Debug|ARM64.Build.0 = Debug|Any CPU
		{3A2600F2-3D5F-424F-BE7D-BB23ACD398C6}.Debug|x64.ActiveCfg = Debug|Any CPU
		{3A2600F2-3D5F-424F-BE7D-BB23ACD398C6}.Debug|x64.Build.0 = Debug|Any CPU
		{3A2600F2-3D5F-424F-BE7D-BB23ACD398C6}.Debug|x86.ActiveCfg = Debug|Any CPU
		{3A2600F2-3D5F-424F-BE7D-BB23ACD398C6}.Debug|x86.Build.0 = Debug|Any CPU
		{3A2600F2-3D5F-424F-BE7D-BB23ACD398C6}.Release|Any CPU.ActiveCfg = Release|Any CPU
		{3A2600F2-3D5F-424F-BE7D-BB23ACD398C6}.Release|Any CPU.Build.0 = Release|Any CPU
		{3A2600F2-3D5F-424F-BE7D-BB23ACD398C6}.Release|ARM64.ActiveCfg = Release|Any CPU
		{3A2600F2-3D5F-424F-BE7D-BB23ACD398C6}.Release|ARM64.Build.0 = Release|Any CPU
		{3A2600F2-3D5F-424F-BE7D-BB23ACD398C6}.Release|x64.ActiveCfg = Release|Any CPU
		{3A2600F2-3D5F-424F-BE7D-BB23ACD398C6}.Release|x64.Build.0 = Release|Any CPU
		{3A2600F2-3D5F-424F-BE7D-BB23ACD398C6}.Release|x86.ActiveCfg = Release|Any CPU
		{3A2600F2-3D5F-424F-BE7D-BB23ACD398C6}.Release|x86.Build.0 = Release|Any CPU
		{29424797-76EA-4A47-84F6-069EA5933099}.Debug|Any CPU.ActiveCfg = Debug|Any CPU
		{29424797-76EA-4A47-84F6-069EA5933099}.Debug|Any CPU.Build.0 = Debug|Any CPU
		{29424797-76EA-4A47-84F6-069EA5933099}.Debug|ARM64.ActiveCfg = Debug|Any CPU
		{29424797-76EA-4A47-84F6-069EA5933099}.Debug|ARM64.Build.0 = Debug|Any CPU
		{29424797-76EA-4A47-84F6-069EA5933099}.Debug|x64.ActiveCfg = Debug|Any CPU
		{29424797-76EA-4A47-84F6-069EA5933099}.Debug|x64.Build.0 = Debug|Any CPU
		{29424797-76EA-4A47-84F6-069EA5933099}.Debug|x86.ActiveCfg = Debug|Any CPU
		{29424797-76EA-4A47-84F6-069EA5933099}.Debug|x86.Build.0 = Debug|Any CPU
		{29424797-76EA-4A47-84F6-069EA5933099}.Release|Any CPU.ActiveCfg = Release|Any CPU
		{29424797-76EA-4A47-84F6-069EA5933099}.Release|Any CPU.Build.0 = Release|Any CPU
		{29424797-76EA-4A47-84F6-069EA5933099}.Release|ARM64.ActiveCfg = Release|Any CPU
		{29424797-76EA-4A47-84F6-069EA5933099}.Release|ARM64.Build.0 = Release|Any CPU
		{29424797-76EA-4A47-84F6-069EA5933099}.Release|x64.ActiveCfg = Release|Any CPU
		{29424797-76EA-4A47-84F6-069EA5933099}.Release|x64.Build.0 = Release|Any CPU
		{29424797-76EA-4A47-84F6-069EA5933099}.Release|x86.ActiveCfg = Release|Any CPU
		{29424797-76EA-4A47-84F6-069EA5933099}.Release|x86.Build.0 = Release|Any CPU
		{4023A625-699F-4142-A333-89F2BB80D05E}.Debug|Any CPU.ActiveCfg = Debug|x64
		{4023A625-699F-4142-A333-89F2BB80D05E}.Debug|Any CPU.Build.0 = Debug|x64
		{4023A625-699F-4142-A333-89F2BB80D05E}.Debug|Any CPU.Deploy.0 = Debug|x64
		{4023A625-699F-4142-A333-89F2BB80D05E}.Debug|ARM64.ActiveCfg = Debug|ARM64
		{4023A625-699F-4142-A333-89F2BB80D05E}.Debug|ARM64.Build.0 = Debug|ARM64
		{4023A625-699F-4142-A333-89F2BB80D05E}.Debug|ARM64.Deploy.0 = Debug|ARM64
		{4023A625-699F-4142-A333-89F2BB80D05E}.Debug|x64.ActiveCfg = Debug|x64
		{4023A625-699F-4142-A333-89F2BB80D05E}.Debug|x64.Build.0 = Debug|x64
		{4023A625-699F-4142-A333-89F2BB80D05E}.Debug|x64.Deploy.0 = Debug|x64
		{4023A625-699F-4142-A333-89F2BB80D05E}.Debug|x86.ActiveCfg = Debug|x86
		{4023A625-699F-4142-A333-89F2BB80D05E}.Debug|x86.Build.0 = Debug|x86
		{4023A625-699F-4142-A333-89F2BB80D05E}.Debug|x86.Deploy.0 = Debug|x86
		{4023A625-699F-4142-A333-89F2BB80D05E}.Release|Any CPU.ActiveCfg = Release|x64
		{4023A625-699F-4142-A333-89F2BB80D05E}.Release|Any CPU.Build.0 = Release|x64
		{4023A625-699F-4142-A333-89F2BB80D05E}.Release|Any CPU.Deploy.0 = Release|x64
		{4023A625-699F-4142-A333-89F2BB80D05E}.Release|ARM64.ActiveCfg = Release|ARM64
		{4023A625-699F-4142-A333-89F2BB80D05E}.Release|ARM64.Build.0 = Release|ARM64
		{4023A625-699F-4142-A333-89F2BB80D05E}.Release|ARM64.Deploy.0 = Release|ARM64
		{4023A625-699F-4142-A333-89F2BB80D05E}.Release|x64.ActiveCfg = Release|x64
		{4023A625-699F-4142-A333-89F2BB80D05E}.Release|x64.Build.0 = Release|x64
		{4023A625-699F-4142-A333-89F2BB80D05E}.Release|x64.Deploy.0 = Release|x64
		{4023A625-699F-4142-A333-89F2BB80D05E}.Release|x86.ActiveCfg = Release|x86
		{4023A625-699F-4142-A333-89F2BB80D05E}.Release|x86.Build.0 = Release|x86
		{4023A625-699F-4142-A333-89F2BB80D05E}.Release|x86.Deploy.0 = Release|x86
		{A22BE498-9DD4-46AE-A53B-6FA3A3320F82}.Debug|Any CPU.ActiveCfg = Debug|Any CPU
		{A22BE498-9DD4-46AE-A53B-6FA3A3320F82}.Debug|Any CPU.Build.0 = Debug|Any CPU
		{A22BE498-9DD4-46AE-A53B-6FA3A3320F82}.Debug|ARM64.ActiveCfg = Debug|Any CPU
		{A22BE498-9DD4-46AE-A53B-6FA3A3320F82}.Debug|ARM64.Build.0 = Debug|Any CPU
		{A22BE498-9DD4-46AE-A53B-6FA3A3320F82}.Debug|x64.ActiveCfg = Debug|Any CPU
		{A22BE498-9DD4-46AE-A53B-6FA3A3320F82}.Debug|x64.Build.0 = Debug|Any CPU
		{A22BE498-9DD4-46AE-A53B-6FA3A3320F82}.Debug|x86.ActiveCfg = Debug|Any CPU
		{A22BE498-9DD4-46AE-A53B-6FA3A3320F82}.Debug|x86.Build.0 = Debug|Any CPU
		{A22BE498-9DD4-46AE-A53B-6FA3A3320F82}.Release|Any CPU.ActiveCfg = Release|Any CPU
		{A22BE498-9DD4-46AE-A53B-6FA3A3320F82}.Release|Any CPU.Build.0 = Release|Any CPU
		{A22BE498-9DD4-46AE-A53B-6FA3A3320F82}.Release|ARM64.ActiveCfg = Release|Any CPU
		{A22BE498-9DD4-46AE-A53B-6FA3A3320F82}.Release|ARM64.Build.0 = Release|Any CPU
		{A22BE498-9DD4-46AE-A53B-6FA3A3320F82}.Release|x64.ActiveCfg = Release|Any CPU
		{A22BE498-9DD4-46AE-A53B-6FA3A3320F82}.Release|x64.Build.0 = Release|Any CPU
		{A22BE498-9DD4-46AE-A53B-6FA3A3320F82}.Release|x86.ActiveCfg = Release|Any CPU
		{A22BE498-9DD4-46AE-A53B-6FA3A3320F82}.Release|x86.Build.0 = Release|Any CPU
		{BAFE9EFF-9C45-4108-9410-4A686E203490}.Debug|Any CPU.ActiveCfg = Debug|Any CPU
		{BAFE9EFF-9C45-4108-9410-4A686E203490}.Debug|Any CPU.Build.0 = Debug|Any CPU
		{BAFE9EFF-9C45-4108-9410-4A686E203490}.Debug|ARM64.ActiveCfg = Debug|Any CPU
		{BAFE9EFF-9C45-4108-9410-4A686E203490}.Debug|ARM64.Build.0 = Debug|Any CPU
		{BAFE9EFF-9C45-4108-9410-4A686E203490}.Debug|x64.ActiveCfg = Debug|Any CPU
		{BAFE9EFF-9C45-4108-9410-4A686E203490}.Debug|x64.Build.0 = Debug|Any CPU
		{BAFE9EFF-9C45-4108-9410-4A686E203490}.Debug|x86.ActiveCfg = Debug|Any CPU
		{BAFE9EFF-9C45-4108-9410-4A686E203490}.Debug|x86.Build.0 = Debug|Any CPU
		{BAFE9EFF-9C45-4108-9410-4A686E203490}.Release|Any CPU.ActiveCfg = Release|Any CPU
		{BAFE9EFF-9C45-4108-9410-4A686E203490}.Release|Any CPU.Build.0 = Release|Any CPU
		{BAFE9EFF-9C45-4108-9410-4A686E203490}.Release|ARM64.ActiveCfg = Release|Any CPU
		{BAFE9EFF-9C45-4108-9410-4A686E203490}.Release|ARM64.Build.0 = Release|Any CPU
		{BAFE9EFF-9C45-4108-9410-4A686E203490}.Release|x64.ActiveCfg = Release|Any CPU
		{BAFE9EFF-9C45-4108-9410-4A686E203490}.Release|x64.Build.0 = Release|Any CPU
		{BAFE9EFF-9C45-4108-9410-4A686E203490}.Release|x86.ActiveCfg = Release|Any CPU
		{BAFE9EFF-9C45-4108-9410-4A686E203490}.Release|x86.Build.0 = Release|Any CPU
		{E5C67E59-BB04-48FF-81F5-EC8D413B5F36}.Debug|Any CPU.ActiveCfg = Debug|Any CPU
		{E5C67E59-BB04-48FF-81F5-EC8D413B5F36}.Debug|Any CPU.Build.0 = Debug|Any CPU
		{E5C67E59-BB04-48FF-81F5-EC8D413B5F36}.Debug|Any CPU.Deploy.0 = Debug|Any CPU
		{E5C67E59-BB04-48FF-81F5-EC8D413B5F36}.Debug|ARM64.ActiveCfg = Debug|Any CPU
		{E5C67E59-BB04-48FF-81F5-EC8D413B5F36}.Debug|ARM64.Build.0 = Debug|Any CPU
		{E5C67E59-BB04-48FF-81F5-EC8D413B5F36}.Debug|ARM64.Deploy.0 = Debug|Any CPU
		{E5C67E59-BB04-48FF-81F5-EC8D413B5F36}.Debug|x64.ActiveCfg = Debug|Any CPU
		{E5C67E59-BB04-48FF-81F5-EC8D413B5F36}.Debug|x64.Build.0 = Debug|Any CPU
		{E5C67E59-BB04-48FF-81F5-EC8D413B5F36}.Debug|x64.Deploy.0 = Debug|Any CPU
		{E5C67E59-BB04-48FF-81F5-EC8D413B5F36}.Debug|x86.ActiveCfg = Debug|Any CPU
		{E5C67E59-BB04-48FF-81F5-EC8D413B5F36}.Debug|x86.Build.0 = Debug|Any CPU
		{E5C67E59-BB04-48FF-81F5-EC8D413B5F36}.Debug|x86.Deploy.0 = Debug|Any CPU
		{E5C67E59-BB04-48FF-81F5-EC8D413B5F36}.Release|Any CPU.ActiveCfg = Release|Any CPU
		{E5C67E59-BB04-48FF-81F5-EC8D413B5F36}.Release|Any CPU.Build.0 = Release|Any CPU
		{E5C67E59-BB04-48FF-81F5-EC8D413B5F36}.Release|Any CPU.Deploy.0 = Release|Any CPU
		{E5C67E59-BB04-48FF-81F5-EC8D413B5F36}.Release|ARM64.ActiveCfg = Release|Any CPU
		{E5C67E59-BB04-48FF-81F5-EC8D413B5F36}.Release|ARM64.Build.0 = Release|Any CPU
		{E5C67E59-BB04-48FF-81F5-EC8D413B5F36}.Release|ARM64.Deploy.0 = Release|Any CPU
		{E5C67E59-BB04-48FF-81F5-EC8D413B5F36}.Release|x64.ActiveCfg = Release|Any CPU
		{E5C67E59-BB04-48FF-81F5-EC8D413B5F36}.Release|x64.Build.0 = Release|Any CPU
		{E5C67E59-BB04-48FF-81F5-EC8D413B5F36}.Release|x64.Deploy.0 = Release|Any CPU
		{E5C67E59-BB04-48FF-81F5-EC8D413B5F36}.Release|x86.ActiveCfg = Release|Any CPU
		{E5C67E59-BB04-48FF-81F5-EC8D413B5F36}.Release|x86.Build.0 = Release|Any CPU
		{E5C67E59-BB04-48FF-81F5-EC8D413B5F36}.Release|x86.Deploy.0 = Release|Any CPU
		{7CF93B01-4165-41CD-ADDC-EF13F1F71DEC}.Debug|Any CPU.ActiveCfg = Debug|Any CPU
		{7CF93B01-4165-41CD-ADDC-EF13F1F71DEC}.Debug|Any CPU.Build.0 = Debug|Any CPU
		{7CF93B01-4165-41CD-ADDC-EF13F1F71DEC}.Debug|ARM64.ActiveCfg = Debug|Any CPU
		{7CF93B01-4165-41CD-ADDC-EF13F1F71DEC}.Debug|ARM64.Build.0 = Debug|Any CPU
		{7CF93B01-4165-41CD-ADDC-EF13F1F71DEC}.Debug|x64.ActiveCfg = Debug|Any CPU
		{7CF93B01-4165-41CD-ADDC-EF13F1F71DEC}.Debug|x64.Build.0 = Debug|Any CPU
		{7CF93B01-4165-41CD-ADDC-EF13F1F71DEC}.Debug|x86.ActiveCfg = Debug|Any CPU
		{7CF93B01-4165-41CD-ADDC-EF13F1F71DEC}.Debug|x86.Build.0 = Debug|Any CPU
		{7CF93B01-4165-41CD-ADDC-EF13F1F71DEC}.Release|Any CPU.ActiveCfg = Release|Any CPU
		{7CF93B01-4165-41CD-ADDC-EF13F1F71DEC}.Release|Any CPU.Build.0 = Release|Any CPU
		{7CF93B01-4165-41CD-ADDC-EF13F1F71DEC}.Release|ARM64.ActiveCfg = Release|Any CPU
		{7CF93B01-4165-41CD-ADDC-EF13F1F71DEC}.Release|ARM64.Build.0 = Release|Any CPU
		{7CF93B01-4165-41CD-ADDC-EF13F1F71DEC}.Release|x64.ActiveCfg = Release|Any CPU
		{7CF93B01-4165-41CD-ADDC-EF13F1F71DEC}.Release|x64.Build.0 = Release|Any CPU
		{7CF93B01-4165-41CD-ADDC-EF13F1F71DEC}.Release|x86.ActiveCfg = Release|Any CPU
		{7CF93B01-4165-41CD-ADDC-EF13F1F71DEC}.Release|x86.Build.0 = Release|Any CPU
		{856290DF-332E-4FFE-9A77-991A9A2DECC5}.Debug|Any CPU.ActiveCfg = Debug|Any CPU
		{856290DF-332E-4FFE-9A77-991A9A2DECC5}.Debug|Any CPU.Build.0 = Debug|Any CPU
		{856290DF-332E-4FFE-9A77-991A9A2DECC5}.Debug|ARM64.ActiveCfg = Debug|Any CPU
		{856290DF-332E-4FFE-9A77-991A9A2DECC5}.Debug|ARM64.Build.0 = Debug|Any CPU
		{856290DF-332E-4FFE-9A77-991A9A2DECC5}.Debug|x64.ActiveCfg = Debug|Any CPU
		{856290DF-332E-4FFE-9A77-991A9A2DECC5}.Debug|x64.Build.0 = Debug|Any CPU
		{856290DF-332E-4FFE-9A77-991A9A2DECC5}.Debug|x86.ActiveCfg = Debug|Any CPU
		{856290DF-332E-4FFE-9A77-991A9A2DECC5}.Debug|x86.Build.0 = Debug|Any CPU
		{856290DF-332E-4FFE-9A77-991A9A2DECC5}.Release|Any CPU.ActiveCfg = Release|Any CPU
		{856290DF-332E-4FFE-9A77-991A9A2DECC5}.Release|Any CPU.Build.0 = Release|Any CPU
		{856290DF-332E-4FFE-9A77-991A9A2DECC5}.Release|ARM64.ActiveCfg = Release|Any CPU
		{856290DF-332E-4FFE-9A77-991A9A2DECC5}.Release|ARM64.Build.0 = Release|Any CPU
		{856290DF-332E-4FFE-9A77-991A9A2DECC5}.Release|x64.ActiveCfg = Release|Any CPU
		{856290DF-332E-4FFE-9A77-991A9A2DECC5}.Release|x64.Build.0 = Release|Any CPU
		{856290DF-332E-4FFE-9A77-991A9A2DECC5}.Release|x86.ActiveCfg = Release|Any CPU
		{856290DF-332E-4FFE-9A77-991A9A2DECC5}.Release|x86.Build.0 = Release|Any CPU
		{FA54B290-B965-44AF-88E8-671DB544EC7B}.Debug|Any CPU.ActiveCfg = Debug|Any CPU
		{FA54B290-B965-44AF-88E8-671DB544EC7B}.Debug|Any CPU.Build.0 = Debug|Any CPU
		{FA54B290-B965-44AF-88E8-671DB544EC7B}.Debug|ARM64.ActiveCfg = Debug|Any CPU
		{FA54B290-B965-44AF-88E8-671DB544EC7B}.Debug|ARM64.Build.0 = Debug|Any CPU
		{FA54B290-B965-44AF-88E8-671DB544EC7B}.Debug|x64.ActiveCfg = Debug|Any CPU
		{FA54B290-B965-44AF-88E8-671DB544EC7B}.Debug|x64.Build.0 = Debug|Any CPU
		{FA54B290-B965-44AF-88E8-671DB544EC7B}.Debug|x86.ActiveCfg = Debug|Any CPU
		{FA54B290-B965-44AF-88E8-671DB544EC7B}.Debug|x86.Build.0 = Debug|Any CPU
		{FA54B290-B965-44AF-88E8-671DB544EC7B}.Release|Any CPU.ActiveCfg = Release|Any CPU
		{FA54B290-B965-44AF-88E8-671DB544EC7B}.Release|Any CPU.Build.0 = Release|Any CPU
		{FA54B290-B965-44AF-88E8-671DB544EC7B}.Release|ARM64.ActiveCfg = Release|Any CPU
		{FA54B290-B965-44AF-88E8-671DB544EC7B}.Release|ARM64.Build.0 = Release|Any CPU
		{FA54B290-B965-44AF-88E8-671DB544EC7B}.Release|x64.ActiveCfg = Release|Any CPU
		{FA54B290-B965-44AF-88E8-671DB544EC7B}.Release|x64.Build.0 = Release|Any CPU
		{FA54B290-B965-44AF-88E8-671DB544EC7B}.Release|x86.ActiveCfg = Release|Any CPU
		{FA54B290-B965-44AF-88E8-671DB544EC7B}.Release|x86.Build.0 = Release|Any CPU
	EndGlobalSection
	GlobalSection(SolutionProperties) = preSolution
		HideSolutionNode = FALSE
	EndGlobalSection
	GlobalSection(NestedProjects) = preSolution
		{8D5B3453-C4AA-4AEF-A3A4-7848E2DFDBEB} = {45F53247-F329-4E16-8EC6-63CCCBEBF765}
		{D8CB125B-6DF7-4F7C-9ABA-61CCDFE5BA6E} = {45F53247-F329-4E16-8EC6-63CCCBEBF765}
		{FED14080-4950-4C18-94B9-57B22140E7F5} = {0E4778D5-1A39-491B-ABAE-32F09B31B8C1}
		{BAE21620-19A4-4705-9CFE-26BED402428C} = {0E4778D5-1A39-491B-ABAE-32F09B31B8C1}
		{B8CDD734-68CA-48B5-9597-B95A73B0B7FC} = {0E4778D5-1A39-491B-ABAE-32F09B31B8C1}
		{E0FEB7CA-9827-442C-9695-3CFF208B9D46} = {0E4778D5-1A39-491B-ABAE-32F09B31B8C1}
		{A0C9245E-B4C8-4E21-96FD-707D232680F8} = {8F0F15AA-6E3F-481D-8672-B545C2728C22}
		{49DA19B8-3F49-4E8F-ACBE-4A14B1E45656} = {8F0F15AA-6E3F-481D-8672-B545C2728C22}
		{E0C79566-2214-4E3D-8D9D-3532BC55AA94} = {8F0F15AA-6E3F-481D-8672-B545C2728C22}
		{3A2600F2-3D5F-424F-BE7D-BB23ACD398C6} = {0E4778D5-1A39-491B-ABAE-32F09B31B8C1}
		{29424797-76EA-4A47-84F6-069EA5933099} = {8F0F15AA-6E3F-481D-8672-B545C2728C22}
		{4023A625-699F-4142-A333-89F2BB80D05E} = {8F0F15AA-6E3F-481D-8672-B545C2728C22}
		{A22BE498-9DD4-46AE-A53B-6FA3A3320F82} = {8F0F15AA-6E3F-481D-8672-B545C2728C22}
		{BAFE9EFF-9C45-4108-9410-4A686E203490} = {45F53247-F329-4E16-8EC6-63CCCBEBF765}
		{E5C67E59-BB04-48FF-81F5-EC8D413B5F36} = {8F0F15AA-6E3F-481D-8672-B545C2728C22}
		{7CF93B01-4165-41CD-ADDC-EF13F1F71DEC} = {45F53247-F329-4E16-8EC6-63CCCBEBF765}
		{856290DF-332E-4FFE-9A77-991A9A2DECC5} = {45F53247-F329-4E16-8EC6-63CCCBEBF765}
		{FA54B290-B965-44AF-88E8-671DB544EC7B} = {45F53247-F329-4E16-8EC6-63CCCBEBF765}
	EndGlobalSection
	GlobalSection(ExtensibilityGlobals) = postSolution
		SolutionGuid = {CB73F0EF-8F38-481E-95C3-71CDC677CD2C}
	EndGlobalSection
EndGlobal
